
Microsoft Visual Studio Solution File, Format Version 12.00
# Visual Studio Version 16
VisualStudioVersion = 16.0.30225.117
MinimumVisualStudioVersion = 10.0.40219.1
Project("{FAE04EC0-301F-11D3-BF4B-00C04F79EFBC}") = "MoviesWebApp", "MoviesWebApp\MoviesWebApp.csproj", "{FDD25849-6FBD-4A6F-9BFE-E7BB155D897D}"
EndProject
Global
	GlobalSection(SolutionConfigurationPlatforms) = preSolution
		Debug|Any CPU = Debug|Any CPU
		Release|Any CPU = Release|Any CPU
	EndGlobalSection
	GlobalSection(ProjectConfigurationPlatforms) = postSolution
		{FDD25849-6FBD-4A6F-9BFE-E7BB155D897D}.Debug|Any CPU.ActiveCfg = Debug|Any CPU
		{FDD25849-6FBD-4A6F-9BFE-E7BB155D897D}.Debug|Any CPU.Build.0 = Debug|Any CPU
		{FDD25849-6FBD-4A6F-9BFE-E7BB155D897D}.Release|Any CPU.ActiveCfg = Release|Any CPU
		{FDD25849-6FBD-4A6F-9BFE-E7BB155D897D}.Release|Any CPU.Build.0 = Release|Any CPU
	EndGlobalSection
	GlobalSection(SolutionProperties) = preSolution
		HideSolutionNode = FALSE
	EndGlobalSection
	GlobalSection(ExtensibilityGlobals) = postSolution
		SolutionGuid = {CE84DCF3-2CC3-4E33-AA42-93EDC21AFF91}
	EndGlobalSection
EndGlobal
